
Microsoft Visual Studio Solution File, Format Version 12.00
# Visual Studio Version 16
VisualStudioVersion = 16.0.30621.155
MinimumVisualStudioVersion = 10.0.40219.1
Project("{FAE04EC0-301F-11D3-BF4B-00C04F79EFBC}") = "MyGame4", "MyGame4.csproj", "{05D4D592-2921-4B22-AA9A-430E5DA2AEC5}"
EndProject
Global
	GlobalSection(SolutionConfigurationPlatforms) = preSolution
		Debug|Any CPU = Debug|Any CPU
		Release|Any CPU = Release|Any CPU
	EndGlobalSection
	GlobalSection(ProjectConfigurationPlatforms) = postSolution
		{05D4D592-2921-4B22-AA9A-430E5DA2AEC5}.Debug|Any CPU.ActiveCfg = Debug|Any CPU
		{05D4D592-2921-4B22-AA9A-430E5DA2AEC5}.Debug|Any CPU.Build.0 = Debug|Any CPU
		{05D4D592-2921-4B22-AA9A-430E5DA2AEC5}.Release|Any CPU.ActiveCfg = Release|Any CPU
		{05D4D592-2921-4B22-AA9A-430E5DA2AEC5}.Release|Any CPU.Build.0 = Release|Any CPU
	EndGlobalSection
	GlobalSection(SolutionProperties) = preSolution
		HideSolutionNode = FALSE
	EndGlobalSection
	GlobalSection(ExtensibilityGlobals) = postSolution
		SolutionGuid = {8C95D0FE-9041-4F72-BFEB-66494B3F5890}
	EndGlobalSection
EndGlobal
